{
  "version": "2",
  "remote": {
    "https://deno.land/std@0.163.0/dotenv/mod.ts": "b149416f0daa0361873097495d16adbb321b8bcb594dcc5cdb6bf9639fd173fd",
    "https://deno.land/std@0.163.0/dotenv/util.ts": "6cc392f087577a26a27f0463f77cc0c31a390aa055917099935b36eb2454592d"
  },
  "npm": {
    "specifiers": {
      "prisma@^4.5": "prisma@4.16.2"
    },
    "packages": {
      "@prisma/engines@4.16.2": {
        "integrity": "sha512-vx1nxVvN4QeT/cepQce68deh/Turxy5Mr+4L4zClFuK1GlxN3+ivxfuv+ej/gvidWn1cE1uAhW7ALLNlYbRUAw==",
        "dependencies": {}
      },
      "prisma@4.16.2": {
        "integrity": "sha512-SYCsBvDf0/7XSJyf2cHTLjLeTLVXYfqp7pG5eEVafFLeT0u/hLFz/9W196nDRGUOo1JfPatAEb+uEnTQImQC1g==",
        "dependencies": {
          "@prisma/engines": "@prisma/engines@4.16.2"
        }
      }
    }
  }
}
