{
  "name": "my-prisma-project",
  "version": "1.0.0",
  "lockfileVersion": 3,
  "requires": true,
  "packages": {
    "": {
      "name": "my-prisma-project",
      "version": "1.0.0",
      "license": "ISC",
      "dependencies": {
        "@prisma/client": "^5.5.2",
        "@prisma/extension-accelerate": "^0.6.2"
      },
      "devDependencies": {
        "prisma": "^4.16.2"
      }
    },
    "node_modules/@prisma/client": {
      "version": "5.5.2",
      "resolved": "https://registry.npmjs.org/@prisma/client/-/client-5.5.2.tgz",
      "integrity": "sha512-54XkqR8M+fxbzYqe+bIXimYnkkcGqgOh0dn0yWtIk6CQT4IUCAvNFNcQZwk2KqaLU+/1PHTSWrcHtx4XjluR5w==",
      "hasInstallScript": true,
      "dependencies": {
        "@prisma/engines-version": "5.5.1-1.aebc046ce8b88ebbcb45efe31cbe7d06fd6abc0a"
      },
      "engines": {
        "node": ">=16.13"
      },
      "peerDependencies": {
        "prisma": "*"
      },
      "peerDependenciesMeta": {
        "prisma": {
          "optional": true
        }
      }
    },
    "node_modules/@prisma/engines": {
      "version": "4.16.2",
      "resolved": "https://registry.npmjs.org/@prisma/engines/-/engines-4.16.2.tgz",
      "integrity": "sha512-vx1nxVvN4QeT/cepQce68deh/Turxy5Mr+4L4zClFuK1GlxN3+ivxfuv+ej/gvidWn1cE1uAhW7ALLNlYbRUAw==",
      "devOptional": true,
      "hasInstallScript": true
    },
    "node_modules/@prisma/engines-version": {
      "version": "5.5.1-1.aebc046ce8b88ebbcb45efe31cbe7d06fd6abc0a",
      "resolved": "https://registry.npmjs.org/@prisma/engines-version/-/engines-version-5.5.1-1.aebc046ce8b88ebbcb45efe31cbe7d06fd6abc0a.tgz",
      "integrity": "sha512-O+qHFnZvAyOFk1tUco2/VdiqS0ym42a3+6CYLScllmnpbyiTplgyLt2rK/B9BTjYkSHjrgMhkG47S0oqzdIckA=="
    },
    "node_modules/@prisma/extension-accelerate": {
      "version": "0.6.2",
      "resolved": "https://registry.npmjs.org/@prisma/extension-accelerate/-/extension-accelerate-0.6.2.tgz",
      "integrity": "sha512-KIBVPeWt8qaSg7wQ+TXmCVeUDoW75whtXcdS9dbHxRoO2OWFH5I9+qbkHBhx5Wj/h1wQpS8usuxGnsZqiBjUpQ==",
      "engines": {
        "node": ">=16"
      },
      "peerDependencies": {
        "@prisma/client": ">=4.16.1"
      }
    },
    "node_modules/prisma": {
      "version": "4.16.2",
      "resolved": "https://registry.npmjs.org/prisma/-/prisma-4.16.2.tgz",
      "integrity": "sha512-SYCsBvDf0/7XSJyf2cHTLjLeTLVXYfqp7pG5eEVafFLeT0u/hLFz/9W196nDRGUOo1JfPatAEb+uEnTQImQC1g==",
      "devOptional": true,
      "hasInstallScript": true,
      "dependencies": {
        "@prisma/engines": "4.16.2"
      },
      "bin": {
        "prisma": "build/index.js",
        "prisma2": "build/index.js"
      },
      "engines": {
        "node": ">=14.17"
      }
    }
  }
}
